
Microsoft Visual Studio Solution File, Format Version 12.00
Project("{F2A71F9B-5D33-465A-A702-920D77279786}") = "day17", "day17.fsproj", "{EB392FAA-467C-402A-9E59-9B496AFEF7D3}"
EndProject
Global
	GlobalSection(SolutionConfigurationPlatforms) = preSolution
		Debug|Any CPU = Debug|Any CPU
		Release|Any CPU = Release|Any CPU
	EndGlobalSection
	GlobalSection(ProjectConfigurationPlatforms) = postSolution
		{EB392FAA-467C-402A-9E59-9B496AFEF7D3}.Debug|Any CPU.ActiveCfg = Debug|Any CPU
		{EB392FAA-467C-402A-9E59-9B496AFEF7D3}.Debug|Any CPU.Build.0 = Debug|Any CPU
		{EB392FAA-467C-402A-9E59-9B496AFEF7D3}.Release|Any CPU.ActiveCfg = Release|Any CPU
		{EB392FAA-467C-402A-9E59-9B496AFEF7D3}.Release|Any CPU.Build.0 = Release|Any CPU
	EndGlobalSection
EndGlobal
